// !$*UTF8*$!
{
	archiveVersion = 1;
	classes = {
	};
	objectVersion = 50;
	objects = {

/* Begin PBXBuildFile section */
		F30AC2B1257A5BF6004CF275 /* OpenSans-Regular.ttf in Resources */ = {isa = PBXBuildFile; fileRef = F30AC2AD257A5BF6004CF275 /* OpenSans-Regular.ttf */; };
		F30AC2B2257A5BF6004CF275 /* OpenSans-Semibold.ttf in Resources */ = {isa = PBXBuildFile; fileRef = F30AC2AE257A5BF6004CF275 /* OpenSans-Semibold.ttf */; };
		F30AC2B3257A5BF6004CF275 /* OpenSans-ExtraBold.ttf in Resources */ = {isa = PBXBuildFile; fileRef = F30AC2AF257A5BF6004CF275 /* OpenSans-ExtraBold.ttf */; };
		F30AC2B4257A5BF6004CF275 /* OpenSans-Bold.ttf in Resources */ = {isa = PBXBuildFile; fileRef = F30AC2B0257A5BF6004CF275 /* OpenSans-Bold.ttf */; };
		F30C9FB2257F7C83003CCCED /* MenuView.swift in Sources */ = {isa = PBXBuildFile; fileRef = F30C9FB1257F7C83003CCCED /* MenuView.swift */; };
		F3468C5925CD9B5E00905E52 /* Ext-CGPoint.swift in Sources */ = {isa = PBXBuildFile; fileRef = F3468C5825CD9B5E00905E52 /* Ext-CGPoint.swift */; };
		F3468C5D25CD9B8500905E52 /* Ext-CGSize.swift in Sources */ = {isa = PBXBuildFile; fileRef = F3468C5C25CD9B8500905E52 /* Ext-CGSize.swift */; };
		F349C80725821A4400146D50 /* InstructionsView.swift in Sources */ = {isa = PBXBuildFile; fileRef = F349C80625821A4400146D50 /* InstructionsView.swift */; };
		F34DFAEE257F822600C24E18 /* LargeButton.swift in Sources */ = {isa = PBXBuildFile; fileRef = F34DFAED257F822600C24E18 /* LargeButton.swift */; };
		F34DFAF4257F827A00C24E18 /* Ext-View.swift in Sources */ = {isa = PBXBuildFile; fileRef = F34DFAF3257F827A00C24E18 /* Ext-View.swift */; };
		F350842B25C01EF9001324A0 /* GameScene-displayGraph.swift in Sources */ = {isa = PBXBuildFile; fileRef = F350842A25C01EF9001324A0 /* GameScene-displayGraph.swift */; };
		F350843025C0230A001324A0 /* Customer.swift in Sources */ = {isa = PBXBuildFile; fileRef = F350842F25C0230A001324A0 /* Customer.swift */; };
		F350843625C036DD001324A0 /* ShoppingItem.swift in Sources */ = {isa = PBXBuildFile; fileRef = F350843525C036DD001324A0 /* ShoppingItem.swift */; };
		F350843A25C037AA001324A0 /* GraphGeneration.swift in Sources */ = {isa = PBXBuildFile; fileRef = F350843925C037AA001324A0 /* GraphGeneration.swift */; };
		F355262525B99561002B10C6 /* PathGraph.swift in Sources */ = {isa = PBXBuildFile; fileRef = F355262425B99561002B10C6 /* PathGraph.swift */; };
		F36C4BFD25B1B6DB0021EBD2 /* GameScene-setup.swift in Sources */ = {isa = PBXBuildFile; fileRef = F36C4BFC25B1B6DB0021EBD2 /* GameScene-setup.swift */; };
		F3A9957C25CEE05F002ED034 /* Global.swift in Sources */ = {isa = PBXBuildFile; fileRef = F3A9957B25CEE05F002ED034 /* Global.swift */; };
		F3A9957F25CEFEBA002ED034 /* ZPosition.swift in Sources */ = {isa = PBXBuildFile; fileRef = F3A9957E25CEFEBA002ED034 /* ZPosition.swift */; };
		F3A9958125CEFEE6002ED034 /* Scaling.swift in Sources */ = {isa = PBXBuildFile; fileRef = F3A9958025CEFEE6002ED034 /* Scaling.swift */; };
		F3A9958525CEFFA2002ED034 /* GameInfo.swift in Sources */ = {isa = PBXBuildFile; fileRef = F3A9958425CEFFA2002ED034 /* GameInfo.swift */; };
		F3A9958825CF0045002ED034 /* Checkout.swift in Sources */ = {isa = PBXBuildFile; fileRef = F3A9958725CF0045002ED034 /* Checkout.swift */; };
		F3A9958A25CF2B6E002ED034 /* Ext-Text.swift in Sources */ = {isa = PBXBuildFile; fileRef = F3A9958925CF2B6E002ED034 /* Ext-Text.swift */; };
		F3B878D525D5690800E12F1B /* GameModeView.swift in Sources */ = {isa = PBXBuildFile; fileRef = F3B878D425D5690800E12F1B /* GameModeView.swift */; };
		F3C8FC7C25D1C75300A283F0 /* BackgroundBox.swift in Sources */ = {isa = PBXBuildFile; fileRef = F3C8FC7B25D1C75300A283F0 /* BackgroundBox.swift */; };
		F3CAA6F025791D3C00089750 /* SupermarketTycoonApp.swift in Sources */ = {isa = PBXBuildFile; fileRef = F3CAA6EF25791D3C00089750 /* SupermarketTycoonApp.swift */; };
		F3CAA6F225791D3C00089750 /* ContentView.swift in Sources */ = {isa = PBXBuildFile; fileRef = F3CAA6F125791D3C00089750 /* ContentView.swift */; };
		F3CAA6F425791D3D00089750 /* Assets.xcassets in Resources */ = {isa = PBXBuildFile; fileRef = F3CAA6F325791D3D00089750 /* Assets.xcassets */; };
		F3CAA6F725791D3D00089750 /* Preview Assets.xcassets in Resources */ = {isa = PBXBuildFile; fileRef = F3CAA6F625791D3D00089750 /* Preview Assets.xcassets */; };
		F3CAA6F925791D3D00089750 /* Persistence.swift in Sources */ = {isa = PBXBuildFile; fileRef = F3CAA6F825791D3D00089750 /* Persistence.swift */; };
		F3CAA6FC25791D3D00089750 /* SupermarketTycoon.xcdatamodeld in Sources */ = {isa = PBXBuildFile; fileRef = F3CAA6FA25791D3D00089750 /* SupermarketTycoon.xcdatamodeld */; };
		F3CAC6E62580FE1B00EBF08E /* GameView.swift in Sources */ = {isa = PBXBuildFile; fileRef = F3CAC6E52580FE1B00EBF08E /* GameView.swift */; };
		F3CAC6EA2581011100EBF08E /* GameScene.swift in Sources */ = {isa = PBXBuildFile; fileRef = F3CAC6E92581011100EBF08E /* GameScene.swift */; };
		F3CAC6F1258118C700EBF08E /* AppState.swift in Sources */ = {isa = PBXBuildFile; fileRef = F3CAC6F0258118C700EBF08E /* AppState.swift */; };
/* End PBXBuildFile section */

/* Begin PBXFileReference section */
		F30AC2AD257A5BF6004CF275 /* OpenSans-Regular.ttf */ = {isa = PBXFileReference; lastKnownFileType = file; path = "OpenSans-Regular.ttf"; sourceTree = "<group>"; };
		F30AC2AE257A5BF6004CF275 /* OpenSans-Semibold.ttf */ = {isa = PBXFileReference; lastKnownFileType = file; path = "OpenSans-Semibold.ttf"; sourceTree = "<group>"; };
		F30AC2AF257A5BF6004CF275 /* OpenSans-ExtraBold.ttf */ = {isa = PBXFileReference; lastKnownFileType = file; path = "OpenSans-ExtraBold.ttf"; sourceTree = "<group>"; };
		F30AC2B0257A5BF6004CF275 /* OpenSans-Bold.ttf */ = {isa = PBXFileReference; lastKnownFileType = file; path = "OpenSans-Bold.ttf"; sourceTree = "<group>"; };
		F30C9FB1257F7C83003CCCED /* MenuView.swift */ = {isa = PBXFileReference; lastKnownFileType = sourcecode.swift; path = MenuView.swift; sourceTree = "<group>"; };
		F3468C5825CD9B5E00905E52 /* Ext-CGPoint.swift */ = {isa = PBXFileReference; lastKnownFileType = sourcecode.swift; path = "Ext-CGPoint.swift"; sourceTree = "<group>"; };
		F3468C5C25CD9B8500905E52 /* Ext-CGSize.swift */ = {isa = PBXFileReference; lastKnownFileType = sourcecode.swift; path = "Ext-CGSize.swift"; sourceTree = "<group>"; };
		F349C80625821A4400146D50 /* InstructionsView.swift */ = {isa = PBXFileReference; lastKnownFileType = sourcecode.swift; path = InstructionsView.swift; sourceTree = "<group>"; };
		F34DFAED257F822600C24E18 /* LargeButton.swift */ = {isa = PBXFileReference; lastKnownFileType = sourcecode.swift; path = LargeButton.swift; sourceTree = "<group>"; };
		F34DFAF3257F827A00C24E18 /* Ext-View.swift */ = {isa = PBXFileReference; lastKnownFileType = sourcecode.swift; path = "Ext-View.swift"; sourceTree = "<group>"; };
		F350842A25C01EF9001324A0 /* GameScene-displayGraph.swift */ = {isa = PBXFileReference; fileEncoding = 4; lastKnownFileType = sourcecode.swift; path = "GameScene-displayGraph.swift"; sourceTree = "<group>"; };
		F350842F25C0230A001324A0 /* Customer.swift */ = {isa = PBXFileReference; lastKnownFileType = sourcecode.swift; path = Customer.swift; sourceTree = "<group>"; };
		F350843525C036DD001324A0 /* ShoppingItem.swift */ = {isa = PBXFileReference; lastKnownFileType = sourcecode.swift; path = ShoppingItem.swift; sourceTree = "<group>"; };
		F350843925C037AA001324A0 /* GraphGeneration.swift */ = {isa = PBXFileReference; lastKnownFileType = sourcecode.swift; path = GraphGeneration.swift; sourceTree = "<group>"; };
		F355262425B99561002B10C6 /* PathGraph.swift */ = {isa = PBXFileReference; lastKnownFileType = sourcecode.swift; path = PathGraph.swift; sourceTree = "<group>"; };
		F36C4BFC25B1B6DB0021EBD2 /* GameScene-setup.swift */ = {isa = PBXFileReference; lastKnownFileType = sourcecode.swift; path = "GameScene-setup.swift"; sourceTree = "<group>"; };
		F3A9957B25CEE05F002ED034 /* Global.swift */ = {isa = PBXFileReference; lastKnownFileType = sourcecode.swift; path = Global.swift; sourceTree = "<group>"; };
		F3A9957E25CEFEBA002ED034 /* ZPosition.swift */ = {isa = PBXFileReference; lastKnownFileType = sourcecode.swift; path = ZPosition.swift; sourceTree = "<group>"; };
		F3A9958025CEFEE6002ED034 /* Scaling.swift */ = {isa = PBXFileReference; lastKnownFileType = sourcecode.swift; path = Scaling.swift; sourceTree = "<group>"; };
		F3A9958425CEFFA2002ED034 /* GameInfo.swift */ = {isa = PBXFileReference; lastKnownFileType = sourcecode.swift; path = GameInfo.swift; sourceTree = "<group>"; };
		F3A9958725CF0045002ED034 /* Checkout.swift */ = {isa = PBXFileReference; lastKnownFileType = sourcecode.swift; path = Checkout.swift; sourceTree = "<group>"; };
		F3A9958925CF2B6E002ED034 /* Ext-Text.swift */ = {isa = PBXFileReference; lastKnownFileType = sourcecode.swift; path = "Ext-Text.swift"; sourceTree = "<group>"; };
		F3B878D425D5690800E12F1B /* GameModeView.swift */ = {isa = PBXFileReference; lastKnownFileType = sourcecode.swift; path = GameModeView.swift; sourceTree = "<group>"; };
		F3C8FC7B25D1C75300A283F0 /* BackgroundBox.swift */ = {isa = PBXFileReference; lastKnownFileType = sourcecode.swift; path = BackgroundBox.swift; sourceTree = "<group>"; };
		F3CAA6EC25791D3C00089750 /* Supermarket Tycoon.app */ = {isa = PBXFileReference; explicitFileType = wrapper.application; includeInIndex = 0; path = "Supermarket Tycoon.app"; sourceTree = BUILT_PRODUCTS_DIR; };
		F3CAA6EF25791D3C00089750 /* SupermarketTycoonApp.swift */ = {isa = PBXFileReference; lastKnownFileType = sourcecode.swift; path = SupermarketTycoonApp.swift; sourceTree = "<group>"; };
		F3CAA6F125791D3C00089750 /* ContentView.swift */ = {isa = PBXFileReference; lastKnownFileType = sourcecode.swift; path = ContentView.swift; sourceTree = "<group>"; };
		F3CAA6F325791D3D00089750 /* Assets.xcassets */ = {isa = PBXFileReference; lastKnownFileType = folder.assetcatalog; path = Assets.xcassets; sourceTree = "<group>"; };
		F3CAA6F625791D3D00089750 /* Preview Assets.xcassets */ = {isa = PBXFileReference; lastKnownFileType = folder.assetcatalog; path = "Preview Assets.xcassets"; sourceTree = "<group>"; };
		F3CAA6F825791D3D00089750 /* Persistence.swift */ = {isa = PBXFileReference; lastKnownFileType = sourcecode.swift; path = Persistence.swift; sourceTree = "<group>"; };
		F3CAA6FB25791D3D00089750 /* SupermarketTycoon.xcdatamodel */ = {isa = PBXFileReference; lastKnownFileType = wrapper.xcdatamodel; path = SupermarketTycoon.xcdatamodel; sourceTree = "<group>"; };
		F3CAA6FD25791D3D00089750 /* Info.plist */ = {isa = PBXFileReference; lastKnownFileType = text.plist.xml; path = Info.plist; sourceTree = "<group>"; };
		F3CAA6FE25791D3D00089750 /* SupermarketTycoon.entitlements */ = {isa = PBXFileReference; lastKnownFileType = text.plist.entitlements; path = SupermarketTycoon.entitlements; sourceTree = "<group>"; };
		F3CAC6E52580FE1B00EBF08E /* GameView.swift */ = {isa = PBXFileReference; lastKnownFileType = sourcecode.swift; path = GameView.swift; sourceTree = "<group>"; };
		F3CAC6E92581011100EBF08E /* GameScene.swift */ = {isa = PBXFileReference; lastKnownFileType = sourcecode.swift; path = GameScene.swift; sourceTree = "<group>"; };
		F3CAC6F0258118C700EBF08E /* AppState.swift */ = {isa = PBXFileReference; lastKnownFileType = sourcecode.swift; path = AppState.swift; sourceTree = "<group>"; };
/* End PBXFileReference section */

/* Begin PBXFrameworksBuildPhase section */
		F3CAA6E925791D3C00089750 /* Frameworks */ = {
			isa = PBXFrameworksBuildPhase;
			buildActionMask = 2147483647;
			files = (
			);
			runOnlyForDeploymentPostprocessing = 0;
		};
/* End PBXFrameworksBuildPhase section */

/* Begin PBXGroup section */
		F30AC2A6257A5BAD004CF275 /* Fonts */ = {
			isa = PBXGroup;
			children = (
				F30AC2B0257A5BF6004CF275 /* OpenSans-Bold.ttf */,
				F30AC2AF257A5BF6004CF275 /* OpenSans-ExtraBold.ttf */,
				F30AC2AD257A5BF6004CF275 /* OpenSans-Regular.ttf */,
				F30AC2AE257A5BF6004CF275 /* OpenSans-Semibold.ttf */,
			);
			path = Fonts;
			sourceTree = "<group>";
		};
		F30C9FAF257F7C48003CCCED /* Screens */ = {
			isa = PBXGroup;
			children = (
				F30C9FB0257F7C51003CCCED /* Menu */,
				F3CAC6E32580FE0300EBF08E /* Game */,
				F349C80525821A3000146D50 /* Instructions */,
			);
			path = Screens;
			sourceTree = "<group>";
		};
		F30C9FB0257F7C51003CCCED /* Menu */ = {
			isa = PBXGroup;
			children = (
				F30C9FB1257F7C83003CCCED /* MenuView.swift */,
			);
			path = Menu;
			sourceTree = "<group>";
		};
		F30C9FB5257F7FF0003CCCED /* Main */ = {
			isa = PBXGroup;
			children = (
				F3CAA6F125791D3C00089750 /* ContentView.swift */,
				F3CAC6F0258118C700EBF08E /* AppState.swift */,
			);
			path = Main;
			sourceTree = "<group>";
		};
		F349C80525821A3000146D50 /* Instructions */ = {
			isa = PBXGroup;
			children = (
				F349C80625821A4400146D50 /* InstructionsView.swift */,
			);
			path = Instructions;
			sourceTree = "<group>";
		};
		F34DFAEC257F821B00C24E18 /* Components */ = {
			isa = PBXGroup;
			children = (
				F34DFAED257F822600C24E18 /* LargeButton.swift */,
				F3C8FC7B25D1C75300A283F0 /* BackgroundBox.swift */,
			);
			path = Components;
			sourceTree = "<group>";
		};
		F34DFAF2257F826B00C24E18 /* Extensions */ = {
			isa = PBXGroup;
			children = (
				F3468C5825CD9B5E00905E52 /* Ext-CGPoint.swift */,
				F3468C5C25CD9B8500905E52 /* Ext-CGSize.swift */,
				F3A9958925CF2B6E002ED034 /* Ext-Text.swift */,
				F34DFAF3257F827A00C24E18 /* Ext-View.swift */,
			);
			path = Extensions;
			sourceTree = "<group>";
		};
		F350843425C036C3001324A0 /* Customer */ = {
			isa = PBXGroup;
			children = (
				F350842F25C0230A001324A0 /* Customer.swift */,
				F350843525C036DD001324A0 /* ShoppingItem.swift */,
			);
			path = Customer;
			sourceTree = "<group>";
		};
		F355262325B99550002B10C6 /* Pathfinding */ = {
			isa = PBXGroup;
			children = (
				F350842A25C01EF9001324A0 /* GameScene-displayGraph.swift */,
				F355262425B99561002B10C6 /* PathGraph.swift */,
				F350843925C037AA001324A0 /* GraphGeneration.swift */,
			);
			path = Pathfinding;
			sourceTree = "<group>";
		};
		F3A9957D25CEFEA7002ED034 /* Globals */ = {
			isa = PBXGroup;
			children = (
				F3A9957B25CEE05F002ED034 /* Global.swift */,
				F3A9958025CEFEE6002ED034 /* Scaling.swift */,
				F3A9957E25CEFEBA002ED034 /* ZPosition.swift */,
			);
			path = Globals;
			sourceTree = "<group>";
		};
		F3A9958625CF003A002ED034 /* Checkout */ = {
			isa = PBXGroup;
			children = (
				F3A9958725CF0045002ED034 /* Checkout.swift */,
			);
			path = Checkout;
			sourceTree = "<group>";
		};
		F3CAA6E325791D3C00089750 = {
			isa = PBXGroup;
			children = (
				F3CAA6EE25791D3C00089750 /* SupermarketTycoon */,
				F3CAA6ED25791D3C00089750 /* Products */,
			);
			sourceTree = "<group>";
		};
		F3CAA6ED25791D3C00089750 /* Products */ = {
			isa = PBXGroup;
			children = (
				F3CAA6EC25791D3C00089750 /* Supermarket Tycoon.app */,
			);
			name = Products;
			sourceTree = "<group>";
		};
		F3CAA6EE25791D3C00089750 /* SupermarketTycoon */ = {
			isa = PBXGroup;
			children = (
				F3CAA6EF25791D3C00089750 /* SupermarketTycoonApp.swift */,
				F3CAA6F825791D3D00089750 /* Persistence.swift */,
				F30C9FB5257F7FF0003CCCED /* Main */,
				F30C9FAF257F7C48003CCCED /* Screens */,
				F34DFAEC257F821B00C24E18 /* Components */,
				F34DFAF2257F826B00C24E18 /* Extensions */,
				F3CAA6F325791D3D00089750 /* Assets.xcassets */,
				F3CAA6FD25791D3D00089750 /* Info.plist */,
				F3CAA6FE25791D3D00089750 /* SupermarketTycoon.entitlements */,
				F3CAA6FA25791D3D00089750 /* SupermarketTycoon.xcdatamodeld */,
				F30AC2A6257A5BAD004CF275 /* Fonts */,
				F3CAA6F525791D3D00089750 /* Preview Content */,
			);
			path = SupermarketTycoon;
			sourceTree = "<group>";
		};
		F3CAA6F525791D3D00089750 /* Preview Content */ = {
			isa = PBXGroup;
			children = (
				F3CAA6F625791D3D00089750 /* Preview Assets.xcassets */,
			);
			path = "Preview Content";
			sourceTree = "<group>";
		};
		F3CAC6E32580FE0300EBF08E /* Game */ = {
			isa = PBXGroup;
			children = (
				F3B878D425D5690800E12F1B /* GameModeView.swift */,
				F3CAC6E52580FE1B00EBF08E /* GameView.swift */,
				F3CAC6E92581011100EBF08E /* GameScene.swift */,
				F36C4BFC25B1B6DB0021EBD2 /* GameScene-setup.swift */,
				F3A9958425CEFFA2002ED034 /* GameInfo.swift */,
				F350843425C036C3001324A0 /* Customer */,
				F3A9958625CF003A002ED034 /* Checkout */,
				F355262325B99550002B10C6 /* Pathfinding */,
				F3A9957D25CEFEA7002ED034 /* Globals */,
			);
			path = Game;
			sourceTree = "<group>";
		};
/* End PBXGroup section */

/* Begin PBXNativeTarget section */
		F3CAA6EB25791D3C00089750 /* Supermarket Tycoon */ = {
			isa = PBXNativeTarget;
			buildConfigurationList = F3CAA70125791D3D00089750 /* Build configuration list for PBXNativeTarget "Supermarket Tycoon" */;
			buildPhases = (
				F3CAA6E825791D3C00089750 /* Sources */,
				F3CAA6E925791D3C00089750 /* Frameworks */,
				F3CAA6EA25791D3C00089750 /* Resources */,
			);
			buildRules = (
			);
			dependencies = (
			);
			name = "Supermarket Tycoon";
			productName = SupermarketTycoon;
			productReference = F3CAA6EC25791D3C00089750 /* Supermarket Tycoon.app */;
			productType = "com.apple.product-type.application";
		};
/* End PBXNativeTarget section */

/* Begin PBXProject section */
		F3CAA6E425791D3C00089750 /* Project object */ = {
			isa = PBXProject;
			attributes = {
				LastSwiftUpdateCheck = 1220;
				LastUpgradeCheck = 1250;
				TargetAttributes = {
					F3CAA6EB25791D3C00089750 = {
						CreatedOnToolsVersion = 12.2;
					};
				};
			};
			buildConfigurationList = F3CAA6E725791D3C00089750 /* Build configuration list for PBXProject "SupermarketTycoon" */;
			compatibilityVersion = "Xcode 9.3";
			developmentRegion = en;
			hasScannedForEncodings = 0;
			knownRegions = (
				en,
				Base,
			);
			mainGroup = F3CAA6E325791D3C00089750;
			productRefGroup = F3CAA6ED25791D3C00089750 /* Products */;
			projectDirPath = "";
			projectRoot = "";
			targets = (
				F3CAA6EB25791D3C00089750 /* Supermarket Tycoon */,
			);
		};
/* End PBXProject section */

/* Begin PBXResourcesBuildPhase section */
		F3CAA6EA25791D3C00089750 /* Resources */ = {
			isa = PBXResourcesBuildPhase;
			buildActionMask = 2147483647;
			files = (
				F30AC2B2257A5BF6004CF275 /* OpenSans-Semibold.ttf in Resources */,
				F3CAA6F725791D3D00089750 /* Preview Assets.xcassets in Resources */,
				F30AC2B4257A5BF6004CF275 /* OpenSans-Bold.ttf in Resources */,
				F30AC2B1257A5BF6004CF275 /* OpenSans-Regular.ttf in Resources */,
				F3CAA6F425791D3D00089750 /* Assets.xcassets in Resources */,
				F30AC2B3257A5BF6004CF275 /* OpenSans-ExtraBold.ttf in Resources */,
			);
			runOnlyForDeploymentPostprocessing = 0;
		};
/* End PBXResourcesBuildPhase section */

/* Begin PBXSourcesBuildPhase section */
		F3CAA6E825791D3C00089750 /* Sources */ = {
			isa = PBXSourcesBuildPhase;
			buildActionMask = 2147483647;
			files = (
				F350843625C036DD001324A0 /* ShoppingItem.swift in Sources */,
				F3CAC6EA2581011100EBF08E /* GameScene.swift in Sources */,
				F349C80725821A4400146D50 /* InstructionsView.swift in Sources */,
				F30C9FB2257F7C83003CCCED /* MenuView.swift in Sources */,
				F3468C5925CD9B5E00905E52 /* Ext-CGPoint.swift in Sources */,
				F3C8FC7C25D1C75300A283F0 /* BackgroundBox.swift in Sources */,
				F3CAA6F925791D3D00089750 /* Persistence.swift in Sources */,
				F350842B25C01EF9001324A0 /* GameScene-displayGraph.swift in Sources */,
				F34DFAF4257F827A00C24E18 /* Ext-View.swift in Sources */,
				F355262525B99561002B10C6 /* PathGraph.swift in Sources */,
				F3CAA6FC25791D3D00089750 /* SupermarketTycoon.xcdatamodeld in Sources */,
				F3CAC6E62580FE1B00EBF08E /* GameView.swift in Sources */,
				F3B878D525D5690800E12F1B /* GameModeView.swift in Sources */,
				F3A9958A25CF2B6E002ED034 /* Ext-Text.swift in Sources */,
				F3CAA6F225791D3C00089750 /* ContentView.swift in Sources */,
				F34DFAEE257F822600C24E18 /* LargeButton.swift in Sources */,
				F3CAA6F025791D3C00089750 /* SupermarketTycoonApp.swift in Sources */,
				F350843A25C037AA001324A0 /* GraphGeneration.swift in Sources */,
				F3A9958125CEFEE6002ED034 /* Scaling.swift in Sources */,
				F3CAC6F1258118C700EBF08E /* AppState.swift in Sources */,
				F350843025C0230A001324A0 /* Customer.swift in Sources */,
				F3468C5D25CD9B8500905E52 /* Ext-CGSize.swift in Sources */,
				F36C4BFD25B1B6DB0021EBD2 /* GameScene-setup.swift in Sources */,
				F3A9957C25CEE05F002ED034 /* Global.swift in Sources */,
				F3A9958825CF0045002ED034 /* Checkout.swift in Sources */,
				F3A9957F25CEFEBA002ED034 /* ZPosition.swift in Sources */,
				F3A9958525CEFFA2002ED034 /* GameInfo.swift in Sources */,
			);
			runOnlyForDeploymentPostprocessing = 0;
		};
/* End PBXSourcesBuildPhase section */

/* Begin XCBuildConfiguration section */
		F3CAA6FF25791D3D00089750 /* Debug */ = {
			isa = XCBuildConfiguration;
			buildSettings = {
				ALWAYS_SEARCH_USER_PATHS = NO;
				CLANG_ANALYZER_NONNULL = YES;
				CLANG_ANALYZER_NUMBER_OBJECT_CONVERSION = YES_AGGRESSIVE;
				CLANG_CXX_LANGUAGE_STANDARD = "gnu++14";
				CLANG_CXX_LIBRARY = "libc++";
				CLANG_ENABLE_MODULES = YES;
				CLANG_ENABLE_OBJC_ARC = YES;
				CLANG_ENABLE_OBJC_WEAK = YES;
				CLANG_WARN_BLOCK_CAPTURE_AUTORELEASING = YES;
				CLANG_WARN_BOOL_CONVERSION = YES;
				CLANG_WARN_COMMA = YES;
				CLANG_WARN_CONSTANT_CONVERSION = YES;
				CLANG_WARN_DEPRECATED_OBJC_IMPLEMENTATIONS = YES;
				CLANG_WARN_DIRECT_OBJC_ISA_USAGE = YES_ERROR;
				CLANG_WARN_DOCUMENTATION_COMMENTS = YES;
				CLANG_WARN_EMPTY_BODY = YES;
				CLANG_WARN_ENUM_CONVERSION = YES;
				CLANG_WARN_INFINITE_RECURSION = YES;
				CLANG_WARN_INT_CONVERSION = YES;
				CLANG_WARN_NON_LITERAL_NULL_CONVERSION = YES;
				CLANG_WARN_OBJC_IMPLICIT_RETAIN_SELF = YES;
				CLANG_WARN_OBJC_LITERAL_CONVERSION = YES;
				CLANG_WARN_OBJC_ROOT_CLASS = YES_ERROR;
				CLANG_WARN_QUOTED_INCLUDE_IN_FRAMEWORK_HEADER = YES;
				CLANG_WARN_RANGE_LOOP_ANALYSIS = YES;
				CLANG_WARN_STRICT_PROTOTYPES = YES;
				CLANG_WARN_SUSPICIOUS_MOVE = YES;
				CLANG_WARN_UNGUARDED_AVAILABILITY = YES_AGGRESSIVE;
				CLANG_WARN_UNREACHABLE_CODE = YES;
				CLANG_WARN__DUPLICATE_METHOD_MATCH = YES;
				COPY_PHASE_STRIP = NO;
				DEBUG_INFORMATION_FORMAT = dwarf;
				ENABLE_STRICT_OBJC_MSGSEND = YES;
				ENABLE_TESTABILITY = YES;
				GCC_C_LANGUAGE_STANDARD = gnu11;
				GCC_DYNAMIC_NO_PIC = NO;
				GCC_NO_COMMON_BLOCKS = YES;
				GCC_OPTIMIZATION_LEVEL = 0;
				GCC_PREPROCESSOR_DEFINITIONS = (
					"DEBUG=1",
					"$(inherited)",
				);
				GCC_WARN_64_TO_32_BIT_CONVERSION = YES;
				GCC_WARN_ABOUT_RETURN_TYPE = YES_ERROR;
				GCC_WARN_UNDECLARED_SELECTOR = YES;
				GCC_WARN_UNINITIALIZED_AUTOS = YES_AGGRESSIVE;
				GCC_WARN_UNUSED_FUNCTION = YES;
				GCC_WARN_UNUSED_VARIABLE = YES;
				MACOSX_DEPLOYMENT_TARGET = 11.0;
				MTL_ENABLE_DEBUG_INFO = INCLUDE_SOURCE;
				MTL_FAST_MATH = YES;
				ONLY_ACTIVE_ARCH = YES;
				SDKROOT = macosx;
				SWIFT_ACTIVE_COMPILATION_CONDITIONS = DEBUG;
				SWIFT_OPTIMIZATION_LEVEL = "-Onone";
			};
			name = Debug;
		};
		F3CAA70025791D3D00089750 /* Release */ = {
			isa = XCBuildConfiguration;
			buildSettings = {
				ALWAYS_SEARCH_USER_PATHS = NO;
				CLANG_ANALYZER_NONNULL = YES;
				CLANG_ANALYZER_NUMBER_OBJECT_CONVERSION = YES_AGGRESSIVE;
				CLANG_CXX_LANGUAGE_STANDARD = "gnu++14";
				CLANG_CXX_LIBRARY = "libc++";
				CLANG_ENABLE_MODULES = YES;
				CLANG_ENABLE_OBJC_ARC = YES;
				CLANG_ENABLE_OBJC_WEAK = YES;
				CLANG_WARN_BLOCK_CAPTURE_AUTORELEASING = YES;
				CLANG_WARN_BOOL_CONVERSION = YES;
				CLANG_WARN_COMMA = YES;
				CLANG_WARN_CONSTANT_CONVERSION = YES;
				CLANG_WARN_DEPRECATED_OBJC_IMPLEMENTATIONS = YES;
				CLANG_WARN_DIRECT_OBJC_ISA_USAGE = YES_ERROR;
				CLANG_WARN_DOCUMENTATION_COMMENTS = YES;
				CLANG_WARN_EMPTY_BODY = YES;
				CLANG_WARN_ENUM_CONVERSION = YES;
				CLANG_WARN_INFINITE_RECURSION = YES;
				CLANG_WARN_INT_CONVERSION = YES;
				CLANG_WARN_NON_LITERAL_NULL_CONVERSION = YES;
				CLANG_WARN_OBJC_IMPLICIT_RETAIN_SELF = YES;
				CLANG_WARN_OBJC_LITERAL_CONVERSION = YES;
				CLANG_WARN_OBJC_ROOT_CLASS = YES_ERROR;
				CLANG_WARN_QUOTED_INCLUDE_IN_FRAMEWORK_HEADER = YES;
				CLANG_WARN_RANGE_LOOP_ANALYSIS = YES;
				CLANG_WARN_STRICT_PROTOTYPES = YES;
				CLANG_WARN_SUSPICIOUS_MOVE = YES;
				CLANG_WARN_UNGUARDED_AVAILABILITY = YES_AGGRESSIVE;
				CLANG_WARN_UNREACHABLE_CODE = YES;
				CLANG_WARN__DUPLICATE_METHOD_MATCH = YES;
				COPY_PHASE_STRIP = NO;
				DEBUG_INFORMATION_FORMAT = "dwarf-with-dsym";
				ENABLE_NS_ASSERTIONS = NO;
				ENABLE_STRICT_OBJC_MSGSEND = YES;
				GCC_C_LANGUAGE_STANDARD = gnu11;
				GCC_NO_COMMON_BLOCKS = YES;
				GCC_WARN_64_TO_32_BIT_CONVERSION = YES;
				GCC_WARN_ABOUT_RETURN_TYPE = YES_ERROR;
				GCC_WARN_UNDECLARED_SELECTOR = YES;
				GCC_WARN_UNINITIALIZED_AUTOS = YES_AGGRESSIVE;
				GCC_WARN_UNUSED_FUNCTION = YES;
				GCC_WARN_UNUSED_VARIABLE = YES;
				MACOSX_DEPLOYMENT_TARGET = 11.0;
				MTL_ENABLE_DEBUG_INFO = NO;
				MTL_FAST_MATH = YES;
				SDKROOT = macosx;
				SWIFT_COMPILATION_MODE = wholemodule;
				SWIFT_OPTIMIZATION_LEVEL = "-O";
			};
			name = Release;
		};
		F3CAA70225791D3D00089750 /* Debug */ = {
			isa = XCBuildConfiguration;
			buildSettings = {
				ASSETCATALOG_COMPILER_APPICON_NAME = AppIcon;
				ASSETCATALOG_COMPILER_GLOBAL_ACCENT_COLOR_NAME = AccentColor;
				CODE_SIGN_ENTITLEMENTS = SupermarketTycoon/SupermarketTycoon.entitlements;
				CODE_SIGN_IDENTITY = "-";
				CODE_SIGN_STYLE = Automatic;
				COMBINE_HIDPI_IMAGES = YES;
				DEVELOPMENT_ASSET_PATHS = "\"SupermarketTycoon/Preview Content\"";
				DEVELOPMENT_TEAM = N6WWZ77X7N;
				ENABLE_HARDENED_RUNTIME = YES;
				ENABLE_PREVIEWS = YES;
				INFOPLIST_FILE = SupermarketTycoon/Info.plist;
				LD_RUNPATH_SEARCH_PATHS = (
					"$(inherited)",
					"@executable_path/../Frameworks",
				);
				MACOSX_DEPLOYMENT_TARGET = 11.0;
				PRODUCT_BUNDLE_IDENTIFIER = "com.George-Elsham.SupermarketTycoon";
				PRODUCT_NAME = "$(TARGET_NAME)";
				SWIFT_VERSION = 5.0;
			};
			name = Debug;
		};
		F3CAA70325791D3D00089750 /* Release */ = {
			isa = XCBuildConfiguration;
			buildSettings = {
				ASSETCATALOG_COMPILER_APPICON_NAME = AppIcon;
				ASSETCATALOG_COMPILER_GLOBAL_ACCENT_COLOR_NAME = AccentColor;
				CODE_SIGN_ENTITLEMENTS = SupermarketTycoon/SupermarketTycoon.entitlements;
				CODE_SIGN_IDENTITY = "-";
				CODE_SIGN_STYLE = Automatic;
				COMBINE_HIDPI_IMAGES = YES;
				DEVELOPMENT_ASSET_PATHS = "\"SupermarketTycoon/Preview Content\"";
				DEVELOPMENT_TEAM = N6WWZ77X7N;
				ENABLE_HARDENED_RUNTIME = YES;
				ENABLE_PREVIEWS = YES;
				INFOPLIST_FILE = SupermarketTycoon/Info.plist;
				LD_RUNPATH_SEARCH_PATHS = (
					"$(inherited)",
					"@executable_path/../Frameworks",
				);
				MACOSX_DEPLOYMENT_TARGET = 11.0;
				PRODUCT_BUNDLE_IDENTIFIER = "com.George-Elsham.SupermarketTycoon";
				PRODUCT_NAME = "$(TARGET_NAME)";
				SWIFT_VERSION = 5.0;
			};
			name = Release;
		};
/* End XCBuildConfiguration section */

/* Begin XCConfigurationList section */
		F3CAA6E725791D3C00089750 /* Build configuration list for PBXProject "SupermarketTycoon" */ = {
			isa = XCConfigurationList;
			buildConfigurations = (
				F3CAA6FF25791D3D00089750 /* Debug */,
				F3CAA70025791D3D00089750 /* Release */,
			);
			defaultConfigurationIsVisible = 0;
			defaultConfigurationName = Release;
		};
		F3CAA70125791D3D00089750 /* Build configuration list for PBXNativeTarget "Supermarket Tycoon" */ = {
			isa = XCConfigurationList;
			buildConfigurations = (
				F3CAA70225791D3D00089750 /* Debug */,
				F3CAA70325791D3D00089750 /* Release */,
			);
			defaultConfigurationIsVisible = 0;
			defaultConfigurationName = Release;
		};
/* End XCConfigurationList section */

/* Begin XCVersionGroup section */
		F3CAA6FA25791D3D00089750 /* SupermarketTycoon.xcdatamodeld */ = {
			isa = XCVersionGroup;
			children = (
				F3CAA6FB25791D3D00089750 /* SupermarketTycoon.xcdatamodel */,
			);
			currentVersion = F3CAA6FB25791D3D00089750 /* SupermarketTycoon.xcdatamodel */;
			path = SupermarketTycoon.xcdatamodeld;
			sourceTree = "<group>";
			versionGroupType = wrapper.xcdatamodel;
		};
/* End XCVersionGroup section */
	};
	rootObject = F3CAA6E425791D3C00089750 /* Project object */;
}
